// !$*UTF8*$!
{
	archiveVersion = 1;
	classes = {
	};
	objectVersion = 56;
	objects = {

/* Begin PBXBuildFile section */
		E6D41A372AA0CE7D004E5A67 /* DataTypes.swift in Sources */ = {isa = PBXBuildFile; fileRef = E6D41A362AA0CE7D004E5A67 /* DataTypes.swift */; };
		E6D41A382AA0CE7D004E5A67 /* DataTypes.swift in Sources */ = {isa = PBXBuildFile; fileRef = E6D41A362AA0CE7D004E5A67 /* DataTypes.swift */; };
		E6D41A3A2AA1CD45004E5A67 /* Backquote.swift in Sources */ = {isa = PBXBuildFile; fileRef = E6D41A392AA1CD45004E5A67 /* Backquote.swift */; };
		E6D41A3B2AA1CD45004E5A67 /* Backquote.swift in Sources */ = {isa = PBXBuildFile; fileRef = E6D41A392AA1CD45004E5A67 /* Backquote.swift */; };
		E6D41A4C2AA91358004E5A67 /* BigNum in Frameworks */ = {isa = PBXBuildFile; productRef = E6D41A4B2AA91358004E5A67 /* BigNum */; };
		E6D41A512AA9144C004E5A67 /* BigNum in Frameworks */ = {isa = PBXBuildFile; productRef = E6D41A502AA9144C004E5A67 /* BigNum */; };
		E6D62BA22A9E27EC004A4F63 /* main.swift in Sources */ = {isa = PBXBuildFile; fileRef = E6D62BA12A9E27EC004A4F63 /* main.swift */; };
		E6D62BA92A9E2803004A4F63 /* Parser.swift in Sources */ = {isa = PBXBuildFile; fileRef = E6D62BA82A9E2803004A4F63 /* Parser.swift */; };
		E6D62BAB2A9E2852004A4F63 /* Tokenizer.swift in Sources */ = {isa = PBXBuildFile; fileRef = E6D62BAA2A9E2852004A4F63 /* Tokenizer.swift */; };
		E6D62BAD2A9E2868004A4F63 /* Lisp.swift in Sources */ = {isa = PBXBuildFile; fileRef = E6D62BAC2A9E2868004A4F63 /* Lisp.swift */; };
		E6D62BB12A9EFD43004A4F63 /* Builtins.swift in Sources */ = {isa = PBXBuildFile; fileRef = E6D62BB02A9EFD43004A4F63 /* Builtins.swift */; };
		E6D62BD92A9F2EB2004A4F63 /* SwispTest.swift in Sources */ = {isa = PBXBuildFile; fileRef = E6D62BD82A9F2EB2004A4F63 /* SwispTest.swift */; };
		E6D62BDF2A9F301A004A4F63 /* Lisp.swift in Sources */ = {isa = PBXBuildFile; fileRef = E6D62BAC2A9E2868004A4F63 /* Lisp.swift */; };
		E6D62BE02A9F301A004A4F63 /* Builtins.swift in Sources */ = {isa = PBXBuildFile; fileRef = E6D62BB02A9EFD43004A4F63 /* Builtins.swift */; };
		E6D62BE12A9F301A004A4F63 /* Tokenizer.swift in Sources */ = {isa = PBXBuildFile; fileRef = E6D62BAA2A9E2852004A4F63 /* Tokenizer.swift */; };
		E6D62BE22A9F301A004A4F63 /* Parser.swift in Sources */ = {isa = PBXBuildFile; fileRef = E6D62BA82A9E2803004A4F63 /* Parser.swift */; };
		E6D62BE42A9F850B004A4F63 /* InputStream.swift in Sources */ = {isa = PBXBuildFile; fileRef = E6D62BE32A9F850B004A4F63 /* InputStream.swift */; };
		E6D62BEE2A9F9198004A4F63 /* InputStream.swift in Sources */ = {isa = PBXBuildFile; fileRef = E6D62BE32A9F850B004A4F63 /* InputStream.swift */; };
		E6D62BF42A9F96A5004A4F63 /* Init.swift in Sources */ = {isa = PBXBuildFile; fileRef = E6D62BF32A9F96A5004A4F63 /* Init.swift */; };
		E6D62BF52A9F96A5004A4F63 /* Init.swift in Sources */ = {isa = PBXBuildFile; fileRef = E6D62BF32A9F96A5004A4F63 /* Init.swift */; };
/* End PBXBuildFile section */

/* Begin PBXCopyFilesBuildPhase section */
		E6D62B9C2A9E27EC004A4F63 /* CopyFiles */ = {
			isa = PBXCopyFilesBuildPhase;
			buildActionMask = 12;
			dstPath = "";
			dstSubfolderSpec = 16;
			files = (
			);
			runOnlyForDeploymentPostprocessing = 0;
		};
/* End PBXCopyFilesBuildPhase section */

/* Begin PBXFileReference section */
		E6D41A362AA0CE7D004E5A67 /* DataTypes.swift */ = {isa = PBXFileReference; lastKnownFileType = sourcecode.swift; path = DataTypes.swift; sourceTree = "<group>"; };
		E6D41A392AA1CD45004E5A67 /* Backquote.swift */ = {isa = PBXFileReference; lastKnownFileType = sourcecode.swift; path = Backquote.swift; sourceTree = "<group>"; };
		E6D62B9E2A9E27EC004A4F63 /* Swisp */ = {isa = PBXFileReference; explicitFileType = "compiled.mach-o.executable"; includeInIndex = 0; path = Swisp; sourceTree = BUILT_PRODUCTS_DIR; };
		E6D62BA12A9E27EC004A4F63 /* main.swift */ = {isa = PBXFileReference; lastKnownFileType = sourcecode.swift; path = main.swift; sourceTree = "<group>"; };
		E6D62BA82A9E2803004A4F63 /* Parser.swift */ = {isa = PBXFileReference; lastKnownFileType = sourcecode.swift; path = Parser.swift; sourceTree = "<group>"; };
		E6D62BAA2A9E2852004A4F63 /* Tokenizer.swift */ = {isa = PBXFileReference; lastKnownFileType = sourcecode.swift; path = Tokenizer.swift; sourceTree = "<group>"; };
		E6D62BAC2A9E2868004A4F63 /* Lisp.swift */ = {isa = PBXFileReference; lastKnownFileType = sourcecode.swift; path = Lisp.swift; sourceTree = "<group>"; };
		E6D62BB02A9EFD43004A4F63 /* Builtins.swift */ = {isa = PBXFileReference; lastKnownFileType = sourcecode.swift; path = Builtins.swift; sourceTree = "<group>"; };
		E6D62BD62A9F2EB2004A4F63 /* SwispTest.xctest */ = {isa = PBXFileReference; explicitFileType = wrapper.cfbundle; includeInIndex = 0; path = SwispTest.xctest; sourceTree = BUILT_PRODUCTS_DIR; };
		E6D62BD82A9F2EB2004A4F63 /* SwispTest.swift */ = {isa = PBXFileReference; lastKnownFileType = sourcecode.swift; path = SwispTest.swift; sourceTree = "<group>"; };
		E6D62BDD2A9F2F01004A4F63 /* Swisp.xctestplan */ = {isa = PBXFileReference; lastKnownFileType = text; name = Swisp.xctestplan; path = SwispTest/Swisp.xctestplan; sourceTree = SOURCE_ROOT; };
		E6D62BE32A9F850B004A4F63 /* InputStream.swift */ = {isa = PBXFileReference; lastKnownFileType = sourcecode.swift; path = InputStream.swift; sourceTree = "<group>"; };
		E6D62BF32A9F96A5004A4F63 /* Init.swift */ = {isa = PBXFileReference; lastKnownFileType = sourcecode.swift; path = Init.swift; sourceTree = "<group>"; };
/* End PBXFileReference section */

/* Begin PBXFrameworksBuildPhase section */
		E6D62B9B2A9E27EC004A4F63 /* Frameworks */ = {
			isa = PBXFrameworksBuildPhase;
			buildActionMask = 2147483647;
			files = (
				E6D41A4C2AA91358004E5A67 /* BigNum in Frameworks */,
			);
			runOnlyForDeploymentPostprocessing = 0;
		};
		E6D62BD32A9F2EB2004A4F63 /* Frameworks */ = {
			isa = PBXFrameworksBuildPhase;
			buildActionMask = 2147483647;
			files = (
				E6D41A512AA9144C004E5A67 /* BigNum in Frameworks */,
			);
			runOnlyForDeploymentPostprocessing = 0;
		};
/* End PBXFrameworksBuildPhase section */

/* Begin PBXGroup section */
		E6D41A402AA4DB0D004E5A67 /* lisp code */ = {
			isa = PBXGroup;
			children = (
				E6D62BF32A9F96A5004A4F63 /* Init.swift */,
				E6D41A392AA1CD45004E5A67 /* Backquote.swift */,
			);
			path = "lisp code";
			sourceTree = "<group>";
		};
		E6D41A4D2AA91444004E5A67 /* Frameworks */ = {
			isa = PBXGroup;
			children = (
			);
			name = Frameworks;
			sourceTree = "<group>";
		};
		E6D62B952A9E27EC004A4F63 = {
			isa = PBXGroup;
			children = (
				E6D62BA02A9E27EC004A4F63 /* Swisp */,
				E6D62BD72A9F2EB2004A4F63 /* SwispTest */,
				E6D62B9F2A9E27EC004A4F63 /* Products */,
				E6D41A4D2AA91444004E5A67 /* Frameworks */,
			);
			sourceTree = "<group>";
		};
		E6D62B9F2A9E27EC004A4F63 /* Products */ = {
			isa = PBXGroup;
			children = (
				E6D62B9E2A9E27EC004A4F63 /* Swisp */,
				E6D62BD62A9F2EB2004A4F63 /* SwispTest.xctest */,
			);
			name = Products;
			sourceTree = "<group>";
		};
		E6D62BA02A9E27EC004A4F63 /* Swisp */ = {
			isa = PBXGroup;
			children = (
				E6D62BA12A9E27EC004A4F63 /* main.swift */,
				E6D62BAC2A9E2868004A4F63 /* Lisp.swift */,
				E6D62BB02A9EFD43004A4F63 /* Builtins.swift */,
				E6D62BAA2A9E2852004A4F63 /* Tokenizer.swift */,
				E6D62BA82A9E2803004A4F63 /* Parser.swift */,
				E6D62BE32A9F850B004A4F63 /* InputStream.swift */,
				E6D41A362AA0CE7D004E5A67 /* DataTypes.swift */,
				E6D41A402AA4DB0D004E5A67 /* lisp code */,
			);
			path = Swisp;
			sourceTree = "<group>";
		};
		E6D62BD72A9F2EB2004A4F63 /* SwispTest */ = {
			isa = PBXGroup;
			children = (
				E6D62BDD2A9F2F01004A4F63 /* Swisp.xctestplan */,
				E6D62BD82A9F2EB2004A4F63 /* SwispTest.swift */,
			);
			path = SwispTest;
			sourceTree = "<group>";
		};
/* End PBXGroup section */

/* Begin PBXNativeTarget section */
		E6D62B9D2A9E27EC004A4F63 /* Swisp */ = {
			isa = PBXNativeTarget;
			buildConfigurationList = E6D62BA52A9E27EC004A4F63 /* Build configuration list for PBXNativeTarget "Swisp" */;
			buildPhases = (
				E6D62B9A2A9E27EC004A4F63 /* Sources */,
				E6D62B9B2A9E27EC004A4F63 /* Frameworks */,
				E6D62B9C2A9E27EC004A4F63 /* CopyFiles */,
			);
			buildRules = (
			);
			dependencies = (
			);
			name = Swisp;
			packageProductDependencies = (
				E6D41A4B2AA91358004E5A67 /* BigNum */,
			);
			productName = Swisp;
			productReference = E6D62B9E2A9E27EC004A4F63 /* Swisp */;
			productType = "com.apple.product-type.tool";
		};
		E6D62BD52A9F2EB2004A4F63 /* SwispTest */ = {
			isa = PBXNativeTarget;
			buildConfigurationList = E6D62BDA2A9F2EB2004A4F63 /* Build configuration list for PBXNativeTarget "SwispTest" */;
			buildPhases = (
				E6D62BD22A9F2EB2004A4F63 /* Sources */,
				E6D62BD32A9F2EB2004A4F63 /* Frameworks */,
				E6D62BD42A9F2EB2004A4F63 /* Resources */,
			);
			buildRules = (
			);
			dependencies = (
			);
			name = SwispTest;
			packageProductDependencies = (
				E6D41A502AA9144C004E5A67 /* BigNum */,
			);
			productName = SwispTest;
			productReference = E6D62BD62A9F2EB2004A4F63 /* SwispTest.xctest */;
			productType = "com.apple.product-type.bundle.unit-test";
		};
/* End PBXNativeTarget section */

/* Begin PBXProject section */
		E6D62B962A9E27EC004A4F63 /* Project object */ = {
			isa = PBXProject;
			attributes = {
				BuildIndependentTargetsInParallel = 1;
				LastSwiftUpdateCheck = 1430;
				LastUpgradeCheck = 1430;
				TargetAttributes = {
					E6D62B9D2A9E27EC004A4F63 = {
						CreatedOnToolsVersion = 14.3.1;
					};
					E6D62BD52A9F2EB2004A4F63 = {
						CreatedOnToolsVersion = 14.3.1;
					};
				};
			};
			buildConfigurationList = E6D62B992A9E27EC004A4F63 /* Build configuration list for PBXProject "Swisp" */;
			compatibilityVersion = "Xcode 14.0";
			developmentRegion = en;
			hasScannedForEncodings = 0;
			knownRegions = (
				en,
				Base,
			);
			mainGroup = E6D62B952A9E27EC004A4F63;
			packageReferences = (
				E6D41A4A2AA91358004E5A67 /* XCRemoteSwiftPackageReference "big-num" */,
			);
			productRefGroup = E6D62B9F2A9E27EC004A4F63 /* Products */;
			projectDirPath = "";
			projectRoot = "";
			targets = (
				E6D62B9D2A9E27EC004A4F63 /* Swisp */,
				E6D62BD52A9F2EB2004A4F63 /* SwispTest */,
			);
		};
/* End PBXProject section */

/* Begin PBXResourcesBuildPhase section */
		E6D62BD42A9F2EB2004A4F63 /* Resources */ = {
			isa = PBXResourcesBuildPhase;
			buildActionMask = 2147483647;
			files = (
			);
			runOnlyForDeploymentPostprocessing = 0;
		};
/* End PBXResourcesBuildPhase section */

/* Begin PBXSourcesBuildPhase section */
		E6D62B9A2A9E27EC004A4F63 /* Sources */ = {
			isa = PBXSourcesBuildPhase;
			buildActionMask = 2147483647;
			files = (
				E6D62BA92A9E2803004A4F63 /* Parser.swift in Sources */,
				E6D41A3A2AA1CD45004E5A67 /* Backquote.swift in Sources */,
				E6D41A372AA0CE7D004E5A67 /* DataTypes.swift in Sources */,
				E6D62BAD2A9E2868004A4F63 /* Lisp.swift in Sources */,
				E6D62BF42A9F96A5004A4F63 /* Init.swift in Sources */,
				E6D62BAB2A9E2852004A4F63 /* Tokenizer.swift in Sources */,
				E6D62BB12A9EFD43004A4F63 /* Builtins.swift in Sources */,
				E6D62BE42A9F850B004A4F63 /* InputStream.swift in Sources */,
				E6D62BA22A9E27EC004A4F63 /* main.swift in Sources */,
			);
			runOnlyForDeploymentPostprocessing = 0;
		};
		E6D62BD22A9F2EB2004A4F63 /* Sources */ = {
			isa = PBXSourcesBuildPhase;
			buildActionMask = 2147483647;
			files = (
				E6D62BF52A9F96A5004A4F63 /* Init.swift in Sources */,
				E6D41A3B2AA1CD45004E5A67 /* Backquote.swift in Sources */,
				E6D62BDF2A9F301A004A4F63 /* Lisp.swift in Sources */,
				E6D41A382AA0CE7D004E5A67 /* DataTypes.swift in Sources */,
				E6D62BEE2A9F9198004A4F63 /* InputStream.swift in Sources */,
				E6D62BE02A9F301A004A4F63 /* Builtins.swift in Sources */,
				E6D62BE12A9F301A004A4F63 /* Tokenizer.swift in Sources */,
				E6D62BE22A9F301A004A4F63 /* Parser.swift in Sources */,
				E6D62BD92A9F2EB2004A4F63 /* SwispTest.swift in Sources */,
			);
			runOnlyForDeploymentPostprocessing = 0;
		};
/* End PBXSourcesBuildPhase section */

/* Begin XCBuildConfiguration section */
		E6D62BA32A9E27EC004A4F63 /* Debug */ = {
			isa = XCBuildConfiguration;
			buildSettings = {
				ALWAYS_SEARCH_USER_PATHS = NO;
				CLANG_ANALYZER_NONNULL = YES;
				CLANG_ANALYZER_NUMBER_OBJECT_CONVERSION = YES_AGGRESSIVE;
				CLANG_CXX_LANGUAGE_STANDARD = "gnu++20";
				CLANG_ENABLE_MODULES = YES;
				CLANG_ENABLE_OBJC_ARC = YES;
				CLANG_ENABLE_OBJC_WEAK = YES;
				CLANG_WARN_BLOCK_CAPTURE_AUTORELEASING = YES;
				CLANG_WARN_BOOL_CONVERSION = YES;
				CLANG_WARN_COMMA = YES;
				CLANG_WARN_CONSTANT_CONVERSION = YES;
				CLANG_WARN_DEPRECATED_OBJC_IMPLEMENTATIONS = YES;
				CLANG_WARN_DIRECT_OBJC_ISA_USAGE = YES_ERROR;
				CLANG_WARN_DOCUMENTATION_COMMENTS = YES;
				CLANG_WARN_EMPTY_BODY = YES;
				CLANG_WARN_ENUM_CONVERSION = YES;
				CLANG_WARN_INFINITE_RECURSION = YES;
				CLANG_WARN_INT_CONVERSION = YES;
				CLANG_WARN_NON_LITERAL_NULL_CONVERSION = YES;
				CLANG_WARN_OBJC_IMPLICIT_RETAIN_SELF = YES;
				CLANG_WARN_OBJC_LITERAL_CONVERSION = YES;
				CLANG_WARN_OBJC_ROOT_CLASS = YES_ERROR;
				CLANG_WARN_QUOTED_INCLUDE_IN_FRAMEWORK_HEADER = YES;
				CLANG_WARN_RANGE_LOOP_ANALYSIS = YES;
				CLANG_WARN_STRICT_PROTOTYPES = YES;
				CLANG_WARN_SUSPICIOUS_MOVE = YES;
				CLANG_WARN_UNGUARDED_AVAILABILITY = YES_AGGRESSIVE;
				CLANG_WARN_UNREACHABLE_CODE = YES;
				CLANG_WARN__DUPLICATE_METHOD_MATCH = YES;
				COPY_PHASE_STRIP = NO;
				DEBUG_INFORMATION_FORMAT = dwarf;
				ENABLE_STRICT_OBJC_MSGSEND = YES;
				ENABLE_TESTABILITY = YES;
				GCC_C_LANGUAGE_STANDARD = gnu11;
				GCC_DYNAMIC_NO_PIC = NO;
				GCC_NO_COMMON_BLOCKS = YES;
				GCC_OPTIMIZATION_LEVEL = 0;
				GCC_PREPROCESSOR_DEFINITIONS = (
					"DEBUG=1",
					"$(inherited)",
				);
				GCC_WARN_64_TO_32_BIT_CONVERSION = YES;
				GCC_WARN_ABOUT_RETURN_TYPE = YES_ERROR;
				GCC_WARN_UNDECLARED_SELECTOR = YES;
				GCC_WARN_UNINITIALIZED_AUTOS = YES_AGGRESSIVE;
				GCC_WARN_UNUSED_FUNCTION = YES;
				GCC_WARN_UNUSED_VARIABLE = YES;
				MACOSX_DEPLOYMENT_TARGET = 13.3;
				MTL_ENABLE_DEBUG_INFO = INCLUDE_SOURCE;
				MTL_FAST_MATH = YES;
				ONLY_ACTIVE_ARCH = YES;
				SDKROOT = macosx;
				SWIFT_ACTIVE_COMPILATION_CONDITIONS = DEBUG;
				SWIFT_OPTIMIZATION_LEVEL = "-Onone";
			};
			name = Debug;
		};
		E6D62BA42A9E27EC004A4F63 /* Release */ = {
			isa = XCBuildConfiguration;
			buildSettings = {
				ALWAYS_SEARCH_USER_PATHS = NO;
				CLANG_ANALYZER_NONNULL = YES;
				CLANG_ANALYZER_NUMBER_OBJECT_CONVERSION = YES_AGGRESSIVE;
				CLANG_CXX_LANGUAGE_STANDARD = "gnu++20";
				CLANG_ENABLE_MODULES = YES;
				CLANG_ENABLE_OBJC_ARC = YES;
				CLANG_ENABLE_OBJC_WEAK = YES;
				CLANG_WARN_BLOCK_CAPTURE_AUTORELEASING = YES;
				CLANG_WARN_BOOL_CONVERSION = YES;
				CLANG_WARN_COMMA = YES;
				CLANG_WARN_CONSTANT_CONVERSION = YES;
				CLANG_WARN_DEPRECATED_OBJC_IMPLEMENTATIONS = YES;
				CLANG_WARN_DIRECT_OBJC_ISA_USAGE = YES_ERROR;
				CLANG_WARN_DOCUMENTATION_COMMENTS = YES;
				CLANG_WARN_EMPTY_BODY = YES;
				CLANG_WARN_ENUM_CONVERSION = YES;
				CLANG_WARN_INFINITE_RECURSION = YES;
				CLANG_WARN_INT_CONVERSION = YES;
				CLANG_WARN_NON_LITERAL_NULL_CONVERSION = YES;
				CLANG_WARN_OBJC_IMPLICIT_RETAIN_SELF = YES;
				CLANG_WARN_OBJC_LITERAL_CONVERSION = YES;
				CLANG_WARN_OBJC_ROOT_CLASS = YES_ERROR;
				CLANG_WARN_QUOTED_INCLUDE_IN_FRAMEWORK_HEADER = YES;
				CLANG_WARN_RANGE_LOOP_ANALYSIS = YES;
				CLANG_WARN_STRICT_PROTOTYPES = YES;
				CLANG_WARN_SUSPICIOUS_MOVE = YES;
				CLANG_WARN_UNGUARDED_AVAILABILITY = YES_AGGRESSIVE;
				CLANG_WARN_UNREACHABLE_CODE = YES;
				CLANG_WARN__DUPLICATE_METHOD_MATCH = YES;
				COPY_PHASE_STRIP = NO;
				DEBUG_INFORMATION_FORMAT = "dwarf-with-dsym";
				ENABLE_NS_ASSERTIONS = NO;
				ENABLE_STRICT_OBJC_MSGSEND = YES;
				GCC_C_LANGUAGE_STANDARD = gnu11;
				GCC_NO_COMMON_BLOCKS = YES;
				GCC_WARN_64_TO_32_BIT_CONVERSION = YES;
				GCC_WARN_ABOUT_RETURN_TYPE = YES_ERROR;
				GCC_WARN_UNDECLARED_SELECTOR = YES;
				GCC_WARN_UNINITIALIZED_AUTOS = YES_AGGRESSIVE;
				GCC_WARN_UNUSED_FUNCTION = YES;
				GCC_WARN_UNUSED_VARIABLE = YES;
				MACOSX_DEPLOYMENT_TARGET = 13.3;
				MTL_ENABLE_DEBUG_INFO = NO;
				MTL_FAST_MATH = YES;
				SDKROOT = macosx;
				SWIFT_COMPILATION_MODE = wholemodule;
				SWIFT_OPTIMIZATION_LEVEL = "-O";
			};
			name = Release;
		};
		E6D62BA62A9E27EC004A4F63 /* Debug */ = {
			isa = XCBuildConfiguration;
			buildSettings = {
				CODE_SIGN_STYLE = Automatic;
				DEVELOPMENT_TEAM = TCU23SBY78;
				ENABLE_HARDENED_RUNTIME = YES;
				PRODUCT_NAME = "$(TARGET_NAME)";
				SWIFT_VERSION = 5.0;
			};
			name = Debug;
		};
		E6D62BA72A9E27EC004A4F63 /* Release */ = {
			isa = XCBuildConfiguration;
			buildSettings = {
				CODE_SIGN_STYLE = Automatic;
				DEVELOPMENT_TEAM = TCU23SBY78;
				ENABLE_HARDENED_RUNTIME = YES;
				PRODUCT_NAME = "$(TARGET_NAME)";
				SWIFT_VERSION = 5.0;
			};
			name = Release;
		};
		E6D62BDB2A9F2EB2004A4F63 /* Debug */ = {
			isa = XCBuildConfiguration;
			buildSettings = {
				CODE_SIGN_STYLE = Automatic;
				CURRENT_PROJECT_VERSION = 1;
				DEVELOPMENT_TEAM = TCU23SBY78;
				GENERATE_INFOPLIST_FILE = YES;
				IPHONEOS_DEPLOYMENT_TARGET = 16.4;
				MACOSX_DEPLOYMENT_TARGET = 13.3;
				MARKETING_VERSION = 1.0;
				PRODUCT_BUNDLE_IDENTIFIER = com.gabrielsson.SwispTest;
				PRODUCT_NAME = "$(TARGET_NAME)";
				SDKROOT = auto;
				SUPPORTED_PLATFORMS = macosx;
				SUPPORTS_MACCATALYST = NO;
				SUPPORTS_MAC_DESIGNED_FOR_IPHONE_IPAD = NO;
				SWIFT_EMIT_LOC_STRINGS = NO;
				SWIFT_VERSION = 5.0;
			};
			name = Debug;
		};
		E6D62BDC2A9F2EB2004A4F63 /* Release */ = {
			isa = XCBuildConfiguration;
			buildSettings = {
				CODE_SIGN_STYLE = Automatic;
				CURRENT_PROJECT_VERSION = 1;
				DEVELOPMENT_TEAM = TCU23SBY78;
				GENERATE_INFOPLIST_FILE = YES;
				IPHONEOS_DEPLOYMENT_TARGET = 16.4;
				MACOSX_DEPLOYMENT_TARGET = 13.3;
				MARKETING_VERSION = 1.0;
				PRODUCT_BUNDLE_IDENTIFIER = com.gabrielsson.SwispTest;
				PRODUCT_NAME = "$(TARGET_NAME)";
				SDKROOT = auto;
				SUPPORTED_PLATFORMS = macosx;
				SUPPORTS_MACCATALYST = NO;
				SUPPORTS_MAC_DESIGNED_FOR_IPHONE_IPAD = NO;
				SWIFT_EMIT_LOC_STRINGS = NO;
				SWIFT_VERSION = 5.0;
			};
			name = Release;
		};
/* End XCBuildConfiguration section */

/* Begin XCConfigurationList section */
		E6D62B992A9E27EC004A4F63 /* Build configuration list for PBXProject "Swisp" */ = {
			isa = XCConfigurationList;
			buildConfigurations = (
				E6D62BA32A9E27EC004A4F63 /* Debug */,
				E6D62BA42A9E27EC004A4F63 /* Release */,
			);
			defaultConfigurationIsVisible = 0;
			defaultConfigurationName = Release;
		};
		E6D62BA52A9E27EC004A4F63 /* Build configuration list for PBXNativeTarget "Swisp" */ = {
			isa = XCConfigurationList;
			buildConfigurations = (
				E6D62BA62A9E27EC004A4F63 /* Debug */,
				E6D62BA72A9E27EC004A4F63 /* Release */,
			);
			defaultConfigurationIsVisible = 0;
			defaultConfigurationName = Release;
		};
		E6D62BDA2A9F2EB2004A4F63 /* Build configuration list for PBXNativeTarget "SwispTest" */ = {
			isa = XCConfigurationList;
			buildConfigurations = (
				E6D62BDB2A9F2EB2004A4F63 /* Debug */,
				E6D62BDC2A9F2EB2004A4F63 /* Release */,
			);
			defaultConfigurationIsVisible = 0;
			defaultConfigurationName = Release;
		};
/* End XCConfigurationList section */

/* Begin XCRemoteSwiftPackageReference section */
		E6D41A4A2AA91358004E5A67 /* XCRemoteSwiftPackageReference "big-num" */ = {
			isa = XCRemoteSwiftPackageReference;
			repositoryURL = "https://github.com/adam-fowler/big-num";
			requirement = {
				kind = upToNextMajorVersion;
				minimumVersion = 2.0.0;
			};
		};
/* End XCRemoteSwiftPackageReference section */

/* Begin XCSwiftPackageProductDependency section */
		E6D41A4B2AA91358004E5A67 /* BigNum */ = {
			isa = XCSwiftPackageProductDependency;
			package = E6D41A4A2AA91358004E5A67 /* XCRemoteSwiftPackageReference "big-num" */;
			productName = BigNum;
		};
		E6D41A502AA9144C004E5A67 /* BigNum */ = {
			isa = XCSwiftPackageProductDependency;
			package = E6D41A4A2AA91358004E5A67 /* XCRemoteSwiftPackageReference "big-num" */;
			productName = BigNum;
		};
/* End XCSwiftPackageProductDependency section */
	};
	rootObject = E6D62B962A9E27EC004A4F63 /* Project object */;
}
